// !$*UTF8*$!
{
	archiveVersion = 1;
	objectVersion = 56;
	objects = {

/* Begin PBXBuildFile section */
		A100000000000001 /* MayhemKartApp.swift in Sources */ = {isa = PBXBuildFile; fileRef = B100000000000001 /* MayhemKartApp.swift */; };
		A100000000000002 /* TitleScreen.swift in Sources */ = {isa = PBXBuildFile; fileRef = B100000000000002 /* TitleScreen.swift */; };
		A100000000000003 /* MayhemEngine.swift in Sources */ = {isa = PBXBuildFile; fileRef = B100000000000003 /* MayhemEngine.swift */; };
		A100000000000004 /* MayhemDiscovery.swift in Sources */ = {isa = PBXBuildFile; fileRef = B100000000000006 /* MayhemDiscovery.swift */; };
		A100000000000005 /* MayhemSession.swift in Sources */ = {isa = PBXBuildFile; fileRef = B100000000000007 /* MayhemSession.swift */; };
		A100000000000006 /* MayhemGraphics.swift in Sources */ = {isa = PBXBuildFile; fileRef = B100000000000008 /* MayhemGraphics.swift */; };
		A100000000000007 /* MayhemMetalRenderer.swift in Sources */ = {isa = PBXBuildFile; fileRef = B100000000000009 /* MayhemMetalRenderer.swift */; };
		A100000000000008 /* GameView.swift in Sources */ = {isa = PBXBuildFile; fileRef = B100000000000010 /* GameView.swift */; };
/* End PBXBuildFile section */

/* Begin PBXFileReference section */
		B100000000000001 /* MayhemKartApp.swift */ = {isa = PBXFileReference; lastKnownFileType = sourcecode.swift; path = MayhemKartApp.swift; sourceTree = "<group>"; };
		B100000000000002 /* TitleScreen.swift */ = {isa = PBXFileReference; lastKnownFileType = sourcecode.swift; path = TitleScreen.swift; sourceTree = "<group>"; };
		B100000000000003 /* MayhemEngine.swift */ = {isa = PBXFileReference; lastKnownFileType = sourcecode.swift; path = MayhemEngine.swift; sourceTree = "<group>"; };
		B100000000000004 /* Info.plist */ = {isa = PBXFileReference; lastKnownFileType = text.plist.xml; path = "MayhemKart/Info.plist"; sourceTree = "<group>"; };
		B100000000000005 /* MayhemKart.app */ = {isa = PBXFileReference; explicitFileType = wrapper.application; includeInIndex = 0; path = "Mayhem Kart.app"; sourceTree = BUILT_PRODUCTS_DIR; };
		B100000000000006 /* MayhemDiscovery.swift */ = {isa = PBXFileReference; lastKnownFileType = sourcecode.swift; path = MayhemDiscovery.swift; sourceTree = "<group>"; };
		B100000000000007 /* MayhemSession.swift */ = {isa = PBXFileReference; lastKnownFileType = sourcecode.swift; path = MayhemSession.swift; sourceTree = "<group>"; };
		B100000000000008 /* MayhemGraphics.swift */ = {isa = PBXFileReference; lastKnownFileType = sourcecode.swift; path = MayhemGraphics.swift; sourceTree = "<group>"; };
		B100000000000009 /* MayhemMetalRenderer.swift */ = {isa = PBXFileReference; lastKnownFileType = sourcecode.swift; path = MayhemMetalRenderer.swift; sourceTree = "<group>"; };
		B100000000000010 /* GameView.swift */ = {isa = PBXFileReference; lastKnownFileType = sourcecode.swift; path = GameView.swift; sourceTree = "<group>"; };
/* End PBXFileReference section */

/* Begin PBXFrameworksBuildPhase section */
		C100000000000001 /* Frameworks */ = {isa = PBXFrameworksBuildPhase; buildActionMask = 2147483647; files = (); runOnlyForDeploymentPostprocessing = 0; };
/* End PBXFrameworksBuildPhase section */

/* Begin PBXGroup section */
		D100000000000001 = {isa = PBXGroup; children = (D100000000000002, D100000000000003, B100000000000004); sourceTree = "<group>"; };
		D100000000000002 /* App */ = {isa = PBXGroup; children = (B100000000000001, B100000000000002, B100000000000006, B100000000000007, B100000000000009, B100000000000010); path = "MayhemKart/App"; sourceTree = "<group>"; };
		D100000000000003 /* Engine */ = {isa = PBXGroup; children = (B100000000000003, B100000000000008); path = "../Engine/Core"; sourceTree = "<group>"; };
		E100000000000001 /* Products */ = {isa = PBXGroup; children = (B100000000000005); name = Products; sourceTree = "<group>"; };
/* End PBXGroup section */

/* Begin PBXNativeTarget section */
		F100000000000001 /* Mayhem Kart */ = {isa = PBXNativeTarget; buildConfigurationList = F100000000000003; buildPhases = (C100000000000002, C100000000000001, C100000000000003); buildRules = (); dependencies = (); name = "Mayhem Kart"; productName = "Mayhem Kart"; productReference = B100000000000005; productType = "com.apple.product-type.application"; };
/* End PBXNativeTarget section */

/* Begin PBXProject section */
		F100000000000002 /* Project object */ = {isa = PBXProject; attributes = { LastUpgradeCheck = 1600; ORGANIZATIONNAME = "Team Celeste"; TargetAttributes = { F100000000000001 = { CreatedOnToolsVersion = 16.0; }; }; }; buildConfigurationList = F100000000000004; compatibilityVersion = "Xcode 14.0"; developmentRegion = en; hasScannedForEncodings = 0; knownRegions = (en); mainGroup = D100000000000001; productRefGroup = E100000000000001; projectDirPath = ""; projectRoot = ""; targets = (F100000000000001); };
/* End PBXProject section */

/* Begin PBXResourcesBuildPhase section */
		C100000000000003 /* Resources */ = {isa = PBXResourcesBuildPhase; buildActionMask = 2147483647; files = (); runOnlyForDeploymentPostprocessing = 0; };
/* End PBXResourcesBuildPhase section */

/* Begin PBXSourcesBuildPhase section */
		C100000000000002 /* Sources */ = {isa = PBXSourcesBuildPhase; buildActionMask = 2147483647; files = (A100000000000001, A100000000000002, A100000000000003, A100000000000004, A100000000000005, A100000000000006, A100000000000007, A100000000000008); runOnlyForDeploymentPostprocessing = 0; };
/* End PBXSourcesBuildPhase section */

/* Begin XCBuildConfiguration section */
		G100000000000001 /* Debug */ = {isa = XCBuildConfiguration; buildSettings = { ALWAYS_SEARCH_USER_PATHS = NO; CLANG_ENABLE_MODULES = YES; CODE_SIGNING_ALLOWED = NO; INFOPLIST_FILE = "MayhemKart/Info.plist"; IPHONEOS_DEPLOYMENT_TARGET = 15.4; PRODUCT_BUNDLE_IDENTIFIER = "net.teamceleste.mayhemkart"; PRODUCT_NAME = "Mayhem Kart"; SWIFT_VERSION = 5.0; TARGETED_DEVICE_FAMILY = "1,2"; }; name = Debug; };
		G100000000000002 /* Release */ = {isa = XCBuildConfiguration; buildSettings = { ALWAYS_SEARCH_USER_PATHS = NO; CLANG_ENABLE_MODULES = YES; CODE_SIGNING_ALLOWED = NO; INFOPLIST_FILE = "MayhemKart/Info.plist"; IPHONEOS_DEPLOYMENT_TARGET = 15.4; PRODUCT_BUNDLE_IDENTIFIER = "net.teamceleste.mayhemkart"; PRODUCT_NAME = "Mayhem Kart"; SWIFT_OPTIMIZATION_LEVEL = "-O"; SWIFT_VERSION = 5.0; TARGETED_DEVICE_FAMILY = "1,2"; }; name = Release; };
		G100000000000003 /* Project Debug */ = {isa = XCBuildConfiguration; buildSettings = { ALWAYS_SEARCH_USER_PATHS = NO; SWIFT_VERSION = 5.0; }; name = Debug; };
		G100000000000004 /* Project Release */ = {isa = XCBuildConfiguration; buildSettings = { ALWAYS_SEARCH_USER_PATHS = NO; SWIFT_VERSION = 5.0; }; name = Release; };
/* End XCBuildConfiguration section */

/* Begin XCConfigurationList section */
		F100000000000003 /* Build configuration list for PBXNativeTarget */ = {isa = XCConfigurationList; buildConfigurations = (G100000000000001, G100000000000002); defaultConfigurationIsVisible = 0; defaultConfigurationName = Release; };
		F100000000000004 /* Build configuration list for PBXProject */ = {isa = XCConfigurationList; buildConfigurations = (G100000000000003, G100000000000004); defaultConfigurationIsVisible = 0; defaultConfigurationName = Release; };
/* End XCConfigurationList section */
	};
	rootObject = F100000000000002;
}
